
Microsoft Visual Studio Solution File, Format Version 12.00
# Visual Studio Version 17
VisualStudioVersion = 17.12.35527.113 d17.12
MinimumVisualStudioVersion = 10.0.40219.1
Project("{2150E333-8FDC-42A3-9474-1A3956D46DE8}") = "PROYECTO", "PROYECTO", "{7340065B-9CC3-475B-B828-C08E646F0A51}"
EndProject
Project("{2150E333-8FDC-42A3-9474-1A3956D46DE8}") = "src", "src", "{C1ABFE6E-4064-4CBA-9015-FBBC5A2083E4}"
EndProject
Project("{2150E333-8FDC-42A3-9474-1A3956D46DE8}") = "jc", "jc", "{3A306558-7D62-4FBC-A747-10A9111D9281}"
EndProject
Project("{2150E333-8FDC-42A3-9474-1A3956D46DE8}") = "css", "css", "{9DBAEA20-96D1-4FEA-A093-D092F2D468C0}"
EndProject
Global
	GlobalSection(SolutionProperties) = preSolution
		HideSolutionNode = FALSE
	EndGlobalSection
	GlobalSection(NestedProjects) = preSolution
		{C1ABFE6E-4064-4CBA-9015-FBBC5A2083E4} = {7340065B-9CC3-475B-B828-C08E646F0A51}
		{3A306558-7D62-4FBC-A747-10A9111D9281} = {7340065B-9CC3-475B-B828-C08E646F0A51}
		{9DBAEA20-96D1-4FEA-A093-D092F2D468C0} = {7340065B-9CC3-475B-B828-C08E646F0A51}
	EndGlobalSection
EndGlobal
